PODS:
  - GestureRecognizerClosures (4.1.0)
  - SwiftLint (0.27.0)

DEPENDENCIES:
  - GestureRecognizerClosures (~> 4)
  - SwiftLint

SPEC REPOS:
  https://github.com/cocoapods/specs.git:
    - GestureRecognizerClosures
    - SwiftLint

SPEC CHECKSUMS:
  GestureRecognizerClosures: e6d9bcec709119720729ac7badd60dc868f1037a
  SwiftLint: 3207c1faa2240bf8973b191820a116113cd11073

PODFILE CHECKSUM: 6d17d32733bbfc4c073a168eebc76824cd91fad0

COCOAPODS: 1.6.0.beta.1
